
Microsoft Visual Studio Solution File, Format Version 12.00
# Visual Studio Version 17
VisualStudioVersion = 17.13.35818.85
MinimumVisualStudioVersion = 10.0.40219.1
Project("{FAE04EC0-301F-11D3-BF4B-00C04F79EFBC}") = "Geometry", "taller_herecia\Geometry.csproj", "{77414553-39BF-45D3-B064-C46C6CADD1E9}"
EndProject
Global
	GlobalSection(SolutionConfigurationPlatforms) = preSolution
		Debug|Any CPU = Debug|Any CPU
		Release|Any CPU = Release|Any CPU
	EndGlobalSection
	GlobalSection(ProjectConfigurationPlatforms) = postSolution
		{77414553-39BF-45D3-B064-C46C6CADD1E9}.Debug|Any CPU.ActiveCfg = Debug|Any CPU
		{77414553-39BF-45D3-B064-C46C6CADD1E9}.Debug|Any CPU.Build.0 = Debug|Any CPU
		{77414553-39BF-45D3-B064-C46C6CADD1E9}.Release|Any CPU.ActiveCfg = Release|Any CPU
		{77414553-39BF-45D3-B064-C46C6CADD1E9}.Release|Any CPU.Build.0 = Release|Any CPU
	EndGlobalSection
	GlobalSection(SolutionProperties) = preSolution
		HideSolutionNode = FALSE
	EndGlobalSection
	GlobalSection(ExtensibilityGlobals) = postSolution
		SolutionGuid = {BC90A695-7A2F-4095-9C69-B2D6898BFD62}
	EndGlobalSection
EndGlobal
